
Microsoft Visual Studio Solution File, Format Version 12.00
# Visual Studio 2012
Project("{FAE04EC0-301F-11D3-BF4B-00C04F79EFBC}") = "LeePresswoodSnakeFinalProject", "LeePresswoodSnakeFinalProject\LeePresswoodSnakeFinalProject.csproj", "{8E253BD5-B594-4D79-9DBD-C1AA03E98018}"
EndProject
Global
	GlobalSection(SolutionConfigurationPlatforms) = preSolution
		Debug|Any CPU = Debug|Any CPU
		Release|Any CPU = Release|Any CPU
	EndGlobalSection
	GlobalSection(ProjectConfigurationPlatforms) = postSolution
		{8E253BD5-B594-4D79-9DBD-C1AA03E98018}.Debug|Any CPU.ActiveCfg = Debug|Any CPU
		{8E253BD5-B594-4D79-9DBD-C1AA03E98018}.Debug|Any CPU.Build.0 = Debug|Any CPU
		{8E253BD5-B594-4D79-9DBD-C1AA03E98018}.Release|Any CPU.ActiveCfg = Release|Any CPU
		{8E253BD5-B594-4D79-9DBD-C1AA03E98018}.Release|Any CPU.Build.0 = Release|Any CPU
	EndGlobalSection
	GlobalSection(SolutionProperties) = preSolution
		HideSolutionNode = FALSE
	EndGlobalSection
EndGlobal
